schema: '2.0'
stages:
  data_ingestion:
    cmd: python src/data/data_ingestion.py
    deps:
    - path: src/connections/s3_connection.py
      hash: md5
      md5: 32e36270f55940ec84fdf0e85d771f72
      size: 2127
    - path: src/data/data_ingestion.py
      hash: md5
      md5: 00194718d20621b5e0e915e0bca36451
      size: 7172
    - path: src/logger/__init__.py
      hash: md5
      md5: e70ae8c4d3135252a9e6b4b03c20ed05
      size: 4893
    outs:
    - path: data/raw/test.csv
      hash: md5
      md5: f709df16814dc1591d55a06bbccb83f6
      size: 731557
    - path: data/raw/train.csv
      hash: md5
      md5: 197fd016a654db4cfb5fe651ebe039c6
      size: 2924655
  data_preprocessing:
    cmd: python src/data/data_preprocessing.py
    deps:
    - path: data/raw/test.csv
      hash: md5
      md5: f709df16814dc1591d55a06bbccb83f6
      size: 731557
    - path: data/raw/train.csv
      hash: md5
      md5: 197fd016a654db4cfb5fe651ebe039c6
      size: 2924655
    - path: references/feature_store.yaml
      hash: md5
      md5: ed8a337b81fabcac676e2f8204fae995
      size: 548
    - path: src/data/data_preprocessing.py
      hash: md5
      md5: 7ba31cf1fd4b45768f0dfa697e2a5c34
      size: 16018
    outs:
    - path: data/interim/test_processed.csv
      hash: md5
      md5: dec204fa76b0c1a89dd0fa372f3ea70b
      size: 905768
    - path: data/interim/train_processed.csv
      hash: md5
      md5: 70254b240428758e057a38cd818d61f6
      size: 3643216
    - path: models/feature_columns.joblib
      hash: md5
      md5: 6c7ef60fea257a6d814951bc3f3e310f
      size: 262
    - path: models/outlier_thresholds.joblib
      hash: md5
      md5: 5dcc45a0adbaf6d20497a7c140ce8dbe
      size: 505
    - path: models/power_transformers.joblib
      hash: md5
      md5: 7a676242344c6167858ee2e167d7e546
      size: 4863
  feature_engineering:
    cmd: python src/features/feature_engineering.py
    deps:
    - path: data/interim/test_transformed.csv
      hash: md5
      md5: 541e75f62fe8dcf080213291e5932687
      size: 1571782
    - path: data/interim/train_transformed.csv
      hash: md5
      md5: 557790dde92d86c98fd14853c0f6eb6b
      size: 6285569
    - path: references/feature_store.yaml
      hash: md5
      md5: ed8a337b81fabcac676e2f8204fae995
      size: 548
    - path: src/features/feature_engineering.py
      hash: md5
      md5: 6b0aa52564abe1ae36abea643f0c629b
      size: 8488
    outs:
    - path: data/processed/test_processed.csv
      hash: md5
      md5: 72afff334f28cce4406de0e9913f80a0
      size: 1547502
    - path: data/processed/train_balanced.csv
      hash: md5
      md5: 32680a3f49a3915dfa87d1138d7c6911
      size: 9908752
  model_building:
    cmd: python src/model/model_building.py
    deps:
    - path: data/processed/train_balanced.csv
      hash: md5
      md5: 32680a3f49a3915dfa87d1138d7c6911
      size: 9908752
    - path: src/model/model_building.py
      hash: md5
      md5: 47c833d6eb2935d3b23e668f6d860ffa
      size: 13276
    outs:
    - path: models/model/model.cbm
      hash: md5
      md5: 8b37b51a9b63042006cab11e23c6e312
      size: 1246200
  model_evaluation:
    cmd: python src/model/model_evaluation.py
    deps:
    - path: data/processed/test_processed.csv
      hash: md5
      md5: 72afff334f28cce4406de0e9913f80a0
      size: 1547502
    - path: models/model/model.cbm
      hash: md5
      md5: 8b37b51a9b63042006cab11e23c6e312
      size: 1246200
    - path: src/model/model_evaluation.py
      hash: md5
      md5: 9e4ea58c5ce55beaf95ca61b3c060911
      size: 18153
    outs:
    - path: reports/evaluation_metrics.json
      hash: md5
      md5: ba3c3b1f78d755f38f90107b04361e0d
      size: 180
    - path: reports/figures/confusion_matrix.png
      hash: md5
      md5: 6d9ca57d16fb9f859a91ea90096ac57a
      size: 20675
    - path: reports/figures/precision_recall_curve.png
      hash: md5
      md5: 0fcc633caf43fb797626f09fa20bbd46
      size: 24127
    - path: reports/figures/prediction_distribution.png
      hash: md5
      md5: f708de05fd5f249ef759de6f952cb9c7
      size: 26553
    - path: reports/figures/roc_curve.png
      hash: md5
      md5: cfae25350e33138fb6afffb9579fa410
      size: 37230
    - path: reports/model_evaluation_info.json
      hash: md5
      md5: 778137523bd619184957b177e54fbd6d
      size: 202
  register_model:
    cmd: python src/model/register_model.py
    deps:
    - path: models/model/model.cbm
      hash: md5
      md5: 8b37b51a9b63042006cab11e23c6e312
      size: 1246200
    - path: reports/model_evaluation_info.json
      hash: md5
      md5: 778137523bd619184957b177e54fbd6d
      size: 202
    - path: src/model/register_model.py
      hash: md5
      md5: c7b9e03dfb4ca938448658e56f47d420
      size: 6546
  data_transformation:
    cmd: python src/data/data_transformation.py
    deps:
    - path: data/raw/test.csv
      hash: md5
      md5: f709df16814dc1591d55a06bbccb83f6
      size: 731557
    - path: data/raw/train.csv
      hash: md5
      md5: 197fd016a654db4cfb5fe651ebe039c6
      size: 2924655
    - path: references/feature_store.yaml
      hash: md5
      md5: ed8a337b81fabcac676e2f8204fae995
      size: 548
    - path: src/data/data_transformation.py
      hash: md5
      md5: e6d09c4f4916c98eb29f6c6a5ec0ed04
      size: 20885
    outs:
    - path: data/interim/test_transformed.csv
      hash: md5
      md5: 541e75f62fe8dcf080213291e5932687
      size: 1571782
    - path: data/interim/train_transformed.csv
      hash: md5
      md5: 557790dde92d86c98fd14853c0f6eb6b
      size: 6285569
    - path: models/preprocessor/preprocessing_pipeline.pkl
      hash: md5
      md5: fb94cd1511e1b609e70374a26f19e14c
      size: 3213734
